# This file is autogenerated, do not edit; changes may be undone by the next 'dep ensure'.


[[projects]]
  name = "github.com/confluentinc/confluent-kafka-go"
  packages = ["kafka"]
  revision = "5e4d04e05fc319ce5996a867aafef29059f26862"
  version = "v0.11.4"

[[projects]]
  name = "github.com/satori/go.uuid"
  packages = ["."]
  revision = "f58768cc1a7a7e77a3bd49e98cdd21419399b6a3"
  version = "v1.2.0"

[[projects]]
  branch = "master"
  name = "github.com/sysco-middleware/commander"
  packages = ["."]
  revision = "9aee8d373d686e45b4e113fdfa3949e455cce888"

[solve-meta]
  analyzer-name = "dep"
  analyzer-version = 1
  inputs-digest = "588a03ac9fe48c5b32d96e41fdec9e85bc32fb014b09b6055c328a9dbe9c0973"
  solver-name = "gps-cdcl"
  solver-version = 1
